
Microsoft Visual Studio Solution File, Format Version 12.00
# Visual Studio Version 17
VisualStudioVersion = 17.3.32825.248
MinimumVisualStudioVersion = 10.0.40219.1
Project("{FAE04EC0-301F-11D3-BF4B-00C04F79EFBC}") = "CalyxSharp", "CalyxSharp\CalyxSharp.csproj", "{F6471B94-BC35-48B2-BC82-F84F1B74F7FE}"
EndProject
Project("{FAE04EC0-301F-11D3-BF4B-00C04F79EFBC}") = "CalyxSharpTests", "CalyxSharpTests\CalyxSharpTests.csproj", "{7A4CD3DB-F115-4731-B257-EFBC32D8D3C3}"
EndProject
Global
	GlobalSection(SolutionConfigurationPlatforms) = preSolution
		Debug|Any CPU = Debug|Any CPU
		Release|Any CPU = Release|Any CPU
	EndGlobalSection
	GlobalSection(ProjectConfigurationPlatforms) = postSolution
		{F6471B94-BC35-48B2-BC82-F84F1B74F7FE}.Debug|Any CPU.ActiveCfg = Debug|Any CPU
		{F6471B94-BC35-48B2-BC82-F84F1B74F7FE}.Debug|Any CPU.Build.0 = Debug|Any CPU
		{F6471B94-BC35-48B2-BC82-F84F1B74F7FE}.Release|Any CPU.ActiveCfg = Release|Any CPU
		{F6471B94-BC35-48B2-BC82-F84F1B74F7FE}.Release|Any CPU.Build.0 = Release|Any CPU
		{7A4CD3DB-F115-4731-B257-EFBC32D8D3C3}.Debug|Any CPU.ActiveCfg = Debug|Any CPU
		{7A4CD3DB-F115-4731-B257-EFBC32D8D3C3}.Debug|Any CPU.Build.0 = Debug|Any CPU
		{7A4CD3DB-F115-4731-B257-EFBC32D8D3C3}.Release|Any CPU.ActiveCfg = Release|Any CPU
		{7A4CD3DB-F115-4731-B257-EFBC32D8D3C3}.Release|Any CPU.Build.0 = Release|Any CPU
	EndGlobalSection
	GlobalSection(SolutionProperties) = preSolution
		HideSolutionNode = FALSE
	EndGlobalSection
	GlobalSection(ExtensibilityGlobals) = postSolution
		SolutionGuid = {0CB5F4EA-6300-431D-9632-48F2A5DCCFA7}
	EndGlobalSection
EndGlobal
